
Microsoft Visual Studio Solution File, Format Version 12.00
# Visual Studio Version 17
VisualStudioVersion = 17.10.34928.147
MinimumVisualStudioVersion = 10.0.40219.1
Project("{FAE04EC0-301F-11D3-BF4B-00C04F79EFBC}") = "RestaurantPosMaui", "RestaurantPosMaui\RestaurantPosMaui.csproj", "{0D43BB44-8BD7-4FE2-8FE0-288D1BB40729}"
EndProject
Global
	GlobalSection(SolutionConfigurationPlatforms) = preSolution
		Debug|Any CPU = Debug|Any CPU
		Release|Any CPU = Release|Any CPU
	EndGlobalSection
	GlobalSection(ProjectConfigurationPlatforms) = postSolution
		{0D43BB44-8BD7-4FE2-8FE0-288D1BB40729}.Debug|Any CPU.ActiveCfg = Debug|Any CPU
		{0D43BB44-8BD7-4FE2-8FE0-288D1BB40729}.Debug|Any CPU.Build.0 = Debug|Any CPU
		{0D43BB44-8BD7-4FE2-8FE0-288D1BB40729}.Debug|Any CPU.Deploy.0 = Debug|Any CPU
		{0D43BB44-8BD7-4FE2-8FE0-288D1BB40729}.Release|Any CPU.ActiveCfg = Release|Any CPU
		{0D43BB44-8BD7-4FE2-8FE0-288D1BB40729}.Release|Any CPU.Build.0 = Release|Any CPU
		{0D43BB44-8BD7-4FE2-8FE0-288D1BB40729}.Release|Any CPU.Deploy.0 = Release|Any CPU
	EndGlobalSection
	GlobalSection(SolutionProperties) = preSolution
		HideSolutionNode = FALSE
	EndGlobalSection
	GlobalSection(ExtensibilityGlobals) = postSolution
		SolutionGuid = {C704AEF5-0639-4BD8-9599-F3448B97DCA4}
	EndGlobalSection
EndGlobal
